// !$*UTF8*$!
{
	archiveVersion = 1;
	classes = {
	};
	objectVersion = 46;
	objects = {

/* Begin PBXBuildFile section */
		017969F7A8B3CBA0453FA605 /* Pods_MusicShop.framework in Frameworks */ = {isa = PBXBuildFile; fileRef = 81D4EC551937E5019C2E96E7 /* Pods_MusicShop.framework */; };
		BE85CA7F994BA223634AD3B5 /* Pods_MusicShopUITests.framework in Frameworks */ = {isa = PBXBuildFile; fileRef = 4140105DE037DEF81C83A152 /* Pods_MusicShopUITests.framework */; };
		D92E60171D23638600CF073E /* GoogleService-Info.plist in Resources */ = {isa = PBXBuildFile; fileRef = D92E60161D23638600CF073E /* GoogleService-Info.plist */; };
		D932FEE71D1E271D00DC215B /* AppDelegate.swift in Sources */ = {isa = PBXBuildFile; fileRef = D932FEE61D1E271D00DC215B /* AppDelegate.swift */; };
		D932FEE91D1E271D00DC215B /* LoginViewController.swift in Sources */ = {isa = PBXBuildFile; fileRef = D932FEE81D1E271D00DC215B /* LoginViewController.swift */; };
		D932FEEC1D1E271D00DC215B /* Main.storyboard in Resources */ = {isa = PBXBuildFile; fileRef = D932FEEA1D1E271D00DC215B /* Main.storyboard */; };
		D932FEEF1D1E271D00DC215B /* MusicShop.xcdatamodeld in Sources */ = {isa = PBXBuildFile; fileRef = D932FEED1D1E271D00DC215B /* MusicShop.xcdatamodeld */; };
		D932FEF11D1E271D00DC215B /* Assets.xcassets in Resources */ = {isa = PBXBuildFile; fileRef = D932FEF01D1E271D00DC215B /* Assets.xcassets */; };
		D932FEF41D1E271D00DC215B /* LaunchScreen.storyboard in Resources */ = {isa = PBXBuildFile; fileRef = D932FEF21D1E271D00DC215B /* LaunchScreen.storyboard */; };
		D932FEFF1D1E271D00DC215B /* MusicShopTests.swift in Sources */ = {isa = PBXBuildFile; fileRef = D932FEFE1D1E271D00DC215B /* MusicShopTests.swift */; };
		D932FF0A1D1E271D00DC215B /* MusicShopUITests.swift in Sources */ = {isa = PBXBuildFile; fileRef = D932FF091D1E271D00DC215B /* MusicShopUITests.swift */; };
		D932FF7A1D1F368200DC215B /* MenuTabBarViewController.swift in Sources */ = {isa = PBXBuildFile; fileRef = D932FF791D1F368200DC215B /* MenuTabBarViewController.swift */; };
		D932FF7C1D1F36B600DC215B /* FavoritesCollectionViewController.swift in Sources */ = {isa = PBXBuildFile; fileRef = D932FF7B1D1F36B600DC215B /* FavoritesCollectionViewController.swift */; };
		D932FF7E1D1F36D300DC215B /* FavoritesCollectionViewCell.swift in Sources */ = {isa = PBXBuildFile; fileRef = D932FF7D1D1F36D300DC215B /* FavoritesCollectionViewCell.swift */; };
		D932FF801D1F36F600DC215B /* HistoryTableViewController.swift in Sources */ = {isa = PBXBuildFile; fileRef = D932FF7F1D1F36F600DC215B /* HistoryTableViewController.swift */; };
		D932FF821D1F371B00DC215B /* HistoryTableViewCell.swift in Sources */ = {isa = PBXBuildFile; fileRef = D932FF811D1F371B00DC215B /* HistoryTableViewCell.swift */; };
		D932FF841D1F376500DC215B /* SearchViewController.swift in Sources */ = {isa = PBXBuildFile; fileRef = D932FF831D1F376500DC215B /* SearchViewController.swift */; };
		D932FF861D1F377D00DC215B /* MoreOptionsViewController.swift in Sources */ = {isa = PBXBuildFile; fileRef = D932FF851D1F377D00DC215B /* MoreOptionsViewController.swift */; };
		D932FF891D1F37BD00DC215B /* DownloadViewController.swift in Sources */ = {isa = PBXBuildFile; fileRef = D932FF881D1F37BD00DC215B /* DownloadViewController.swift */; };
		E6EF00683F2AFA6596627BC1 /* Pods_MusicShopTests.framework in Frameworks */ = {isa = PBXBuildFile; fileRef = 0DCE09D811FE4B465DCADAFA /* Pods_MusicShopTests.framework */; };
/* End PBXBuildFile section */

/* Begin PBXContainerItemProxy section */
		D932FEFB1D1E271D00DC215B /* PBXContainerItemProxy */ = {
			isa = PBXContainerItemProxy;
			containerPortal = D932FEDB1D1E271D00DC215B /* Project object */;
			proxyType = 1;
			remoteGlobalIDString = D932FEE21D1E271D00DC215B;
			remoteInfo = MusicShop;
		};
		D932FF061D1E271D00DC215B /* PBXContainerItemProxy */ = {
			isa = PBXContainerItemProxy;
			containerPortal = D932FEDB1D1E271D00DC215B /* Project object */;
			proxyType = 1;
			remoteGlobalIDString = D932FEE21D1E271D00DC215B;
			remoteInfo = MusicShop;
		};
/* End PBXContainerItemProxy section */

/* Begin PBXFileReference section */
		0DCE09D811FE4B465DCADAFA /* Pods_MusicShopTests.framework */ = {isa = PBXFileReference; explicitFileType = wrapper.framework; includeInIndex = 0; path = Pods_MusicShopTests.framework; sourceTree = BUILT_PRODUCTS_DIR; };
		1B55DF86EF1B9E60AD1A0A8C /* Pods-MusicShop.release.xcconfig */ = {isa = PBXFileReference; includeInIndex = 1; lastKnownFileType = text.xcconfig; name = "Pods-MusicShop.release.xcconfig"; path = "Pods/Target Support Files/Pods-MusicShop/Pods-MusicShop.release.xcconfig"; sourceTree = "<group>"; };
		4140105DE037DEF81C83A152 /* Pods_MusicShopUITests.framework */ = {isa = PBXFileReference; explicitFileType = wrapper.framework; includeInIndex = 0; path = Pods_MusicShopUITests.framework; sourceTree = BUILT_PRODUCTS_DIR; };
		439623969DA8D9C9CA6E62AF /* Pods-MusicShopUITests.debug.xcconfig */ = {isa = PBXFileReference; includeInIndex = 1; lastKnownFileType = text.xcconfig; name = "Pods-MusicShopUITests.debug.xcconfig"; path = "Pods/Target Support Files/Pods-MusicShopUITests/Pods-MusicShopUITests.debug.xcconfig"; sourceTree = "<group>"; };
		6A9CCCDC681E5E35AB22E87B /* Pods-MusicShopTests.release.xcconfig */ = {isa = PBXFileReference; includeInIndex = 1; lastKnownFileType = text.xcconfig; name = "Pods-MusicShopTests.release.xcconfig"; path = "Pods/Target Support Files/Pods-MusicShopTests/Pods-MusicShopTests.release.xcconfig"; sourceTree = "<group>"; };
		81D4EC551937E5019C2E96E7 /* Pods_MusicShop.framework */ = {isa = PBXFileReference; explicitFileType = wrapper.framework; includeInIndex = 0; path = Pods_MusicShop.framework; sourceTree = BUILT_PRODUCTS_DIR; };
		B3EF206A8222A5B0F21DADE5 /* Pods-MusicShop.debug.xcconfig */ = {isa = PBXFileReference; includeInIndex = 1; lastKnownFileType = text.xcconfig; name = "Pods-MusicShop.debug.xcconfig"; path = "Pods/Target Support Files/Pods-MusicShop/Pods-MusicShop.debug.xcconfig"; sourceTree = "<group>"; };
		D92E60161D23638600CF073E /* GoogleService-Info.plist */ = {isa = PBXFileReference; fileEncoding = 4; lastKnownFileType = text.plist.xml; path = "GoogleService-Info.plist"; sourceTree = "<group>"; };
		D932FEE31D1E271D00DC215B /* MusicShop.app */ = {isa = PBXFileReference; explicitFileType = wrapper.application; includeInIndex = 0; path = MusicShop.app; sourceTree = BUILT_PRODUCTS_DIR; };
		D932FEE61D1E271D00DC215B /* AppDelegate.swift */ = {isa = PBXFileReference; lastKnownFileType = sourcecode.swift; path = AppDelegate.swift; sourceTree = "<group>"; };
		D932FEE81D1E271D00DC215B /* LoginViewController.swift */ = {isa = PBXFileReference; lastKnownFileType = sourcecode.swift; path = LoginViewController.swift; sourceTree = "<group>"; };
		D932FEEB1D1E271D00DC215B /* Base */ = {isa = PBXFileReference; lastKnownFileType = file.storyboard; name = Base; path = Base.lproj/Main.storyboard; sourceTree = "<group>"; };
		D932FEEE1D1E271D00DC215B /* MusicShop.xcdatamodel */ = {isa = PBXFileReference; lastKnownFileType = wrapper.xcdatamodel; path = MusicShop.xcdatamodel; sourceTree = "<group>"; };
		D932FEF01D1E271D00DC215B /* Assets.xcassets */ = {isa = PBXFileReference; lastKnownFileType = folder.assetcatalog; path = Assets.xcassets; sourceTree = "<group>"; };
		D932FEF31D1E271D00DC215B /* Base */ = {isa = PBXFileReference; lastKnownFileType = file.storyboard; name = Base; path = Base.lproj/LaunchScreen.storyboard; sourceTree = "<group>"; };
		D932FEF51D1E271D00DC215B /* Info.plist */ = {isa = PBXFileReference; lastKnownFileType = text.plist.xml; path = Info.plist; sourceTree = "<group>"; };
		D932FEFA1D1E271D00DC215B /* MusicShopTests.xctest */ = {isa = PBXFileReference; explicitFileType = wrapper.cfbundle; includeInIndex = 0; path = MusicShopTests.xctest; sourceTree = BUILT_PRODUCTS_DIR; };
		D932FEFE1D1E271D00DC215B /* MusicShopTests.swift */ = {isa = PBXFileReference; lastKnownFileType = sourcecode.swift; path = MusicShopTests.swift; sourceTree = "<group>"; };
		D932FF001D1E271D00DC215B /* Info.plist */ = {isa = PBXFileReference; lastKnownFileType = text.plist.xml; path = Info.plist; sourceTree = "<group>"; };
		D932FF051D1E271D00DC215B /* MusicShopUITests.xctest */ = {isa = PBXFileReference; explicitFileType = wrapper.cfbundle; includeInIndex = 0; path = MusicShopUITests.xctest; sourceTree = BUILT_PRODUCTS_DIR; };
		D932FF091D1E271D00DC215B /* MusicShopUITests.swift */ = {isa = PBXFileReference; lastKnownFileType = sourcecode.swift; path = MusicShopUITests.swift; sourceTree = "<group>"; };
		D932FF0B1D1E271D00DC215B /* Info.plist */ = {isa = PBXFileReference; lastKnownFileType = text.plist.xml; path = Info.plist; sourceTree = "<group>"; };
		D932FF791D1F368200DC215B /* MenuTabBarViewController.swift */ = {isa = PBXFileReference; fileEncoding = 4; lastKnownFileType = sourcecode.swift; path = MenuTabBarViewController.swift; sourceTree = "<group>"; };
		D932FF7B1D1F36B600DC215B /* FavoritesCollectionViewController.swift */ = {isa = PBXFileReference; fileEncoding = 4; lastKnownFileType = sourcecode.swift; path = FavoritesCollectionViewController.swift; sourceTree = "<group>"; };
		D932FF7D1D1F36D300DC215B /* FavoritesCollectionViewCell.swift */ = {isa = PBXFileReference; fileEncoding = 4; lastKnownFileType = sourcecode.swift; path = FavoritesCollectionViewCell.swift; sourceTree = "<group>"; };
		D932FF7F1D1F36F600DC215B /* HistoryTableViewController.swift */ = {isa = PBXFileReference; fileEncoding = 4; lastKnownFileType = sourcecode.swift; path = HistoryTableViewController.swift; sourceTree = "<group>"; };
		D932FF811D1F371B00DC215B /* HistoryTableViewCell.swift */ = {isa = PBXFileReference; fileEncoding = 4; lastKnownFileType = sourcecode.swift; path = HistoryTableViewCell.swift; sourceTree = "<group>"; };
		D932FF831D1F376500DC215B /* SearchViewController.swift */ = {isa = PBXFileReference; fileEncoding = 4; lastKnownFileType = sourcecode.swift; path = SearchViewController.swift; sourceTree = "<group>"; };
		D932FF851D1F377D00DC215B /* MoreOptionsViewController.swift */ = {isa = PBXFileReference; fileEncoding = 4; lastKnownFileType = sourcecode.swift; path = MoreOptionsViewController.swift; sourceTree = "<group>"; };
		D932FF881D1F37BD00DC215B /* DownloadViewController.swift */ = {isa = PBXFileReference; fileEncoding = 4; lastKnownFileType = sourcecode.swift; path = DownloadViewController.swift; sourceTree = "<group>"; };
		DA125023F7AD107C6E1567AE /* Pods-MusicShopUITests.release.xcconfig */ = {isa = PBXFileReference; includeInIndex = 1; lastKnownFileType = text.xcconfig; name = "Pods-MusicShopUITests.release.xcconfig"; path = "Pods/Target Support Files/Pods-MusicShopUITests/Pods-MusicShopUITests.release.xcconfig"; sourceTree = "<group>"; };
		F42D52B8DF0D473183E23DCB /* Pods-MusicShopTests.debug.xcconfig */ = {isa = PBXFileReference; includeInIndex = 1; lastKnownFileType = text.xcconfig; name = "Pods-MusicShopTests.debug.xcconfig"; path = "Pods/Target Support Files/Pods-MusicShopTests/Pods-MusicShopTests.debug.xcconfig"; sourceTree = "<group>"; };
/* End PBXFileReference section */

/* Begin PBXFrameworksBuildPhase section */
		D932FEE01D1E271D00DC215B /* Frameworks */ = {
			isa = PBXFrameworksBuildPhase;
			buildActionMask = 2147483647;
			files = (
				017969F7A8B3CBA0453FA605 /* Pods_MusicShop.framework in Frameworks */,
			);
			runOnlyForDeploymentPostprocessing = 0;
		};
		D932FEF71D1E271D00DC215B /* Frameworks */ = {
			isa = PBXFrameworksBuildPhase;
			buildActionMask = 2147483647;
			files = (
				E6EF00683F2AFA6596627BC1 /* Pods_MusicShopTests.framework in Frameworks */,
			);
			runOnlyForDeploymentPostprocessing = 0;
		};
		D932FF021D1E271D00DC215B /* Frameworks */ = {
			isa = PBXFrameworksBuildPhase;
			buildActionMask = 2147483647;
			files = (
				BE85CA7F994BA223634AD3B5 /* Pods_MusicShopUITests.framework in Frameworks */,
			);
			runOnlyForDeploymentPostprocessing = 0;
		};
/* End PBXFrameworksBuildPhase section */

/* Begin PBXGroup section */
		3E3A9ACFD2FF39D2E483635E /* Frameworks */ = {
			isa = PBXGroup;
			children = (
				81D4EC551937E5019C2E96E7 /* Pods_MusicShop.framework */,
				0DCE09D811FE4B465DCADAFA /* Pods_MusicShopTests.framework */,
				4140105DE037DEF81C83A152 /* Pods_MusicShopUITests.framework */,
			);
			name = Frameworks;
			sourceTree = "<group>";
		};
		99D8D5FA55363C9363D46D23 /* Pods */ = {
			isa = PBXGroup;
			children = (
				B3EF206A8222A5B0F21DADE5 /* Pods-MusicShop.debug.xcconfig */,
				1B55DF86EF1B9E60AD1A0A8C /* Pods-MusicShop.release.xcconfig */,
				F42D52B8DF0D473183E23DCB /* Pods-MusicShopTests.debug.xcconfig */,
				6A9CCCDC681E5E35AB22E87B /* Pods-MusicShopTests.release.xcconfig */,
				439623969DA8D9C9CA6E62AF /* Pods-MusicShopUITests.debug.xcconfig */,
				DA125023F7AD107C6E1567AE /* Pods-MusicShopUITests.release.xcconfig */,
			);
			name = Pods;
			sourceTree = "<group>";
		};
		D932FEDA1D1E271D00DC215B = {
			isa = PBXGroup;
			children = (
				D932FEE51D1E271D00DC215B /* MusicShop */,
				D932FEFD1D1E271D00DC215B /* MusicShopTests */,
				D932FF081D1E271D00DC215B /* MusicShopUITests */,
				D932FEE41D1E271D00DC215B /* Products */,
				99D8D5FA55363C9363D46D23 /* Pods */,
				3E3A9ACFD2FF39D2E483635E /* Frameworks */,
			);
			sourceTree = "<group>";
		};
		D932FEE41D1E271D00DC215B /* Products */ = {
			isa = PBXGroup;
			children = (
				D932FEE31D1E271D00DC215B /* MusicShop.app */,
				D932FEFA1D1E271D00DC215B /* MusicShopTests.xctest */,
				D932FF051D1E271D00DC215B /* MusicShopUITests.xctest */,
			);
			name = Products;
			sourceTree = "<group>";
		};
		D932FEE51D1E271D00DC215B /* MusicShop */ = {
			isa = PBXGroup;
			children = (
				D932FEE61D1E271D00DC215B /* AppDelegate.swift */,
				D932FF871D1F378C00DC215B /* ViewControllers */,
				D932FEF01D1E271D00DC215B /* Assets.xcassets */,
				D932FEEA1D1E271D00DC215B /* Main.storyboard */,
				D932FEF21D1E271D00DC215B /* LaunchScreen.storyboard */,
				D932FEF51D1E271D00DC215B /* Info.plist */,
				D92E60161D23638600CF073E /* GoogleService-Info.plist */,
				D932FEED1D1E271D00DC215B /* MusicShop.xcdatamodeld */,
			);
			path = MusicShop;
			sourceTree = "<group>";
		};
		D932FEFD1D1E271D00DC215B /* MusicShopTests */ = {
			isa = PBXGroup;
			children = (
				D932FEFE1D1E271D00DC215B /* MusicShopTests.swift */,
				D932FF001D1E271D00DC215B /* Info.plist */,
			);
			path = MusicShopTests;
			sourceTree = "<group>";
		};
		D932FF081D1E271D00DC215B /* MusicShopUITests */ = {
			isa = PBXGroup;
			children = (
				D932FF091D1E271D00DC215B /* MusicShopUITests.swift */,
				D932FF0B1D1E271D00DC215B /* Info.plist */,
			);
			path = MusicShopUITests;
			sourceTree = "<group>";
		};
		D932FF871D1F378C00DC215B /* ViewControllers */ = {
			isa = PBXGroup;
			children = (
				D932FEE81D1E271D00DC215B /* LoginViewController.swift */,
				D932FF791D1F368200DC215B /* MenuTabBarViewController.swift */,
				D932FF881D1F37BD00DC215B /* DownloadViewController.swift */,
				D932FF7B1D1F36B600DC215B /* FavoritesCollectionViewController.swift */,
				D932FF831D1F376500DC215B /* SearchViewController.swift */,
				D932FF851D1F377D00DC215B /* MoreOptionsViewController.swift */,
				D932FF811D1F371B00DC215B /* HistoryTableViewCell.swift */,
				D932FF7F1D1F36F600DC215B /* HistoryTableViewController.swift */,
				D932FF7D1D1F36D300DC215B /* FavoritesCollectionViewCell.swift */,
			);
			name = ViewControllers;
			sourceTree = "<group>";
		};
/* End PBXGroup section */

/* Begin PBXNativeTarget section */
		D932FEE21D1E271D00DC215B /* MusicShop */ = {
			isa = PBXNativeTarget;
			buildConfigurationList = D932FF0E1D1E271D00DC215B /* Build configuration list for PBXNativeTarget "MusicShop" */;
			buildPhases = (
				49365F0C2BE23C59165B5BC4 /* [CP] Check Pods Manifest.lock */,
				D932FEDF1D1E271D00DC215B /* Sources */,
				D932FEE01D1E271D00DC215B /* Frameworks */,
				D932FEE11D1E271D00DC215B /* Resources */,
				ADD8C5856F3265836BC5C0F9 /* [CP] Embed Pods Frameworks */,
				AD3017A9D59C8AA4D6A0C989 /* [CP] Copy Pods Resources */,
				D991ECEA1D2B587500073D17 /* ShellScript */,
			);
			buildRules = (
			);
			dependencies = (
			);
			name = MusicShop;
			productName = MusicShop;
			productReference = D932FEE31D1E271D00DC215B /* MusicShop.app */;
			productType = "com.apple.product-type.application";
		};
		D932FEF91D1E271D00DC215B /* MusicShopTests */ = {
			isa = PBXNativeTarget;
			buildConfigurationList = D932FF111D1E271D00DC215B /* Build configuration list for PBXNativeTarget "MusicShopTests" */;
			buildPhases = (
				84FDA30A1FA7C8CDE9796B39 /* [CP] Check Pods Manifest.lock */,
				D932FEF61D1E271D00DC215B /* Sources */,
				D932FEF71D1E271D00DC215B /* Frameworks */,
				D932FEF81D1E271D00DC215B /* Resources */,
				E45FE7105D7DA0B282271036 /* [CP] Embed Pods Frameworks */,
				A736BE2BEDAD722EBE2B6350 /* [CP] Copy Pods Resources */,
			);
			buildRules = (
			);
			dependencies = (
				D932FEFC1D1E271D00DC215B /* PBXTargetDependency */,
			);
			name = MusicShopTests;
			productName = MusicShopTests;
			productReference = D932FEFA1D1E271D00DC215B /* MusicShopTests.xctest */;
			productType = "com.apple.product-type.bundle.unit-test";
		};
		D932FF041D1E271D00DC215B /* MusicShopUITests */ = {
			isa = PBXNativeTarget;
			buildConfigurationList = D932FF141D1E271D00DC215B /* Build configuration list for PBXNativeTarget "MusicShopUITests" */;
			buildPhases = (
				6E0ABF24B5B8F3CE1C447C74 /* [CP] Check Pods Manifest.lock */,
				D932FF011D1E271D00DC215B /* Sources */,
				D932FF021D1E271D00DC215B /* Frameworks */,
				D932FF031D1E271D00DC215B /* Resources */,
				2C4419CD56DE2C0DAEBA8067 /* [CP] Copy Pods Resources */,
			);
			buildRules = (
			);
			dependencies = (
				D932FF071D1E271D00DC215B /* PBXTargetDependency */,
			);
			name = MusicShopUITests;
			productName = MusicShopUITests;
			productReference = D932FF051D1E271D00DC215B /* MusicShopUITests.xctest */;
			productType = "com.apple.product-type.bundle.ui-testing";
		};
/* End PBXNativeTarget section */

/* Begin PBXProject section */
		D932FEDB1D1E271D00DC215B /* Project object */ = {
			isa = PBXProject;
			attributes = {
				LastSwiftUpdateCheck = 0730;
				LastUpgradeCheck = 0730;
				ORGANIZATIONNAME = "Layne Faler";
				TargetAttributes = {
					D932FEE21D1E271D00DC215B = {
						CreatedOnToolsVersion = 7.3.1;
					};
					D932FEF91D1E271D00DC215B = {
						CreatedOnToolsVersion = 7.3.1;
						TestTargetID = D932FEE21D1E271D00DC215B;
					};
					D932FF041D1E271D00DC215B = {
						CreatedOnToolsVersion = 7.3.1;
						TestTargetID = D932FEE21D1E271D00DC215B;
					};
				};
			};
			buildConfigurationList = D932FEDE1D1E271D00DC215B /* Build configuration list for PBXProject "MusicShop" */;
			compatibilityVersion = "Xcode 3.2";
			developmentRegion = English;
			hasScannedForEncodings = 0;
			knownRegions = (
				en,
				Base,
			);
			mainGroup = D932FEDA1D1E271D00DC215B;
			productRefGroup = D932FEE41D1E271D00DC215B /* Products */;
			projectDirPath = "";
			projectRoot = "";
			targets = (
				D932FEE21D1E271D00DC215B /* MusicShop */,
				D932FEF91D1E271D00DC215B /* MusicShopTests */,
				D932FF041D1E271D00DC215B /* MusicShopUITests */,
			);
		};
/* End PBXProject section */

/* Begin PBXResourcesBuildPhase section */
		D932FEE11D1E271D00DC215B /* Resources */ = {
			isa = PBXResourcesBuildPhase;
			buildActionMask = 2147483647;
			files = (
				D932FEF41D1E271D00DC215B /* LaunchScreen.storyboard in Resources */,
				D92E60171D23638600CF073E /* GoogleService-Info.plist in Resources */,
				D932FEF11D1E271D00DC215B /* Assets.xcassets in Resources */,
				D932FEEC1D1E271D00DC215B /* Main.storyboard in Resources */,
			);
			runOnlyForDeploymentPostprocessing = 0;
		};
		D932FEF81D1E271D00DC215B /* Resources */ = {
			isa = PBXResourcesBuildPhase;
			buildActionMask = 2147483647;
			files = (
			);
			runOnlyForDeploymentPostprocessing = 0;
		};
		D932FF031D1E271D00DC215B /* Resources */ = {
			isa = PBXResourcesBuildPhase;
			buildActionMask = 2147483647;
			files = (
			);
			runOnlyForDeploymentPostprocessing = 0;
		};
/* End PBXResourcesBuildPhase section */

/* Begin PBXShellScriptBuildPhase section */
		2C4419CD56DE2C0DAEBA8067 /* [CP] Copy Pods Resources */ = {
			isa = PBXShellScriptBuildPhase;
			buildActionMask = 2147483647;
			files = (
			);
			inputPaths = (
			);
			name = "[CP] Copy Pods Resources";
			outputPaths = (
			);
			runOnlyForDeploymentPostprocessing = 0;
			shellPath = /bin/sh;
			shellScript = "\"${SRCROOT}/Pods/Target Support Files/Pods-MusicShopUITests/Pods-MusicShopUITests-resources.sh\"\n";
			showEnvVarsInLog = 0;
		};
		49365F0C2BE23C59165B5BC4 /* [CP] Check Pods Manifest.lock */ = {
			isa = PBXShellScriptBuildPhase;
			buildActionMask = 2147483647;
			files = (
			);
			inputPaths = (
			);
			name = "[CP] Check Pods Manifest.lock";
			outputPaths = (
			);
			runOnlyForDeploymentPostprocessing = 0;
			shellPath = /bin/sh;
			shellScript = "diff \"${PODS_ROOT}/../Podfile.lock\" \"${PODS_ROOT}/Manifest.lock\" > /dev/null\nif [[ $? != 0 ]] ; then\n    cat << EOM\nerror: The sandbox is not in sync with the Podfile.lock. Run 'pod install' or update your CocoaPods installation.\nEOM\n    exit 1\nfi\n";
			showEnvVarsInLog = 0;
		};
		6E0ABF24B5B8F3CE1C447C74 /* [CP] Check Pods Manifest.lock */ = {
			isa = PBXShellScriptBuildPhase;
			buildActionMask = 2147483647;
			files = (
			);
			inputPaths = (
			);
			name = "[CP] Check Pods Manifest.lock";
			outputPaths = (
			);
			runOnlyForDeploymentPostprocessing = 0;
			shellPath = /bin/sh;
			shellScript = "diff \"${PODS_ROOT}/../Podfile.lock\" \"${PODS_ROOT}/Manifest.lock\" > /dev/null\nif [[ $? != 0 ]] ; then\n    cat << EOM\nerror: The sandbox is not in sync with the Podfile.lock. Run 'pod install' or update your CocoaPods installation.\nEOM\n    exit 1\nfi\n";
			showEnvVarsInLog = 0;
		};
		84FDA30A1FA7C8CDE9796B39 /* [CP] Check Pods Manifest.lock */ = {
			isa = PBXShellScriptBuildPhase;
			buildActionMask = 2147483647;
			files = (
			);
			inputPaths = (
			);
			name = "[CP] Check Pods Manifest.lock";
			outputPaths = (
			);
			runOnlyForDeploymentPostprocessing = 0;
			shellPath = /bin/sh;
			shellScript = "diff \"${PODS_ROOT}/../Podfile.lock\" \"${PODS_ROOT}/Manifest.lock\" > /dev/null\nif [[ $? != 0 ]] ; then\n    cat << EOM\nerror: The sandbox is not in sync with the Podfile.lock. Run 'pod install' or update your CocoaPods installation.\nEOM\n    exit 1\nfi\n";
			showEnvVarsInLog = 0;
		};
		A736BE2BEDAD722EBE2B6350 /* [CP] Copy Pods Resources */ = {
			isa = PBXShellScriptBuildPhase;
			buildActionMask = 2147483647;
			files = (
			);
			inputPaths = (
			);
			name = "[CP] Copy Pods Resources";
			outputPaths = (
			);
			runOnlyForDeploymentPostprocessing = 0;
			shellPath = /bin/sh;
			shellScript = "\"${SRCROOT}/Pods/Target Support Files/Pods-MusicShopTests/Pods-MusicShopTests-resources.sh\"\n";
			showEnvVarsInLog = 0;
		};
		AD3017A9D59C8AA4D6A0C989 /* [CP] Copy Pods Resources */ = {
			isa = PBXShellScriptBuildPhase;
			buildActionMask = 2147483647;
			files = (
			);
			inputPaths = (
			);
			name = "[CP] Copy Pods Resources";
			outputPaths = (
			);
			runOnlyForDeploymentPostprocessing = 0;
			shellPath = /bin/sh;
			shellScript = "\"${SRCROOT}/Pods/Target Support Files/Pods-MusicShop/Pods-MusicShop-resources.sh\"\n";
			showEnvVarsInLog = 0;
		};
		ADD8C5856F3265836BC5C0F9 /* [CP] Embed Pods Frameworks */ = {
			isa = PBXShellScriptBuildPhase;
			buildActionMask = 2147483647;
			files = (
			);
			inputPaths = (
			);
			name = "[CP] Embed Pods Frameworks";
			outputPaths = (
			);
			runOnlyForDeploymentPostprocessing = 0;
			shellPath = /bin/sh;
			shellScript = "\"${SRCROOT}/Pods/Target Support Files/Pods-MusicShop/Pods-MusicShop-frameworks.sh\"\n";
			showEnvVarsInLog = 0;
		};
		D991ECEA1D2B587500073D17 /* ShellScript */ = {
			isa = PBXShellScriptBuildPhase;
			buildActionMask = 2147483647;
			files = (
			);
			inputPaths = (
			);
			outputPaths = (
			);
			runOnlyForDeploymentPostprocessing = 0;
			shellPath = /bin/sh;
			shellScript = "\"${PODS_ROOT}/Fabric/run\" acafd6f6909d5ed1e522b5941b0b859d699392da f274147eb1f94bf08b9b12e8cd100da9cb078e7ee5d242fe51ddec656ea7380c";
		};
		E45FE7105D7DA0B282271036 /* [CP] Embed Pods Frameworks */ = {
			isa = PBXShellScriptBuildPhase;
			buildActionMask = 2147483647;
			files = (
			);
			inputPaths = (
			);
			name = "[CP] Embed Pods Frameworks";
			outputPaths = (
			);
			runOnlyForDeploymentPostprocessing = 0;
			shellPath = /bin/sh;
			shellScript = "\"${SRCROOT}/Pods/Target Support Files/Pods-MusicShopTests/Pods-MusicShopTests-frameworks.sh\"\n";
			showEnvVarsInLog = 0;
		};
/* End PBXShellScriptBuildPhase section */

/* Begin PBXSourcesBuildPhase section */
		D932FEDF1D1E271D00DC215B /* Sources */ = {
			isa = PBXSourcesBuildPhase;
			buildActionMask = 2147483647;
			files = (
				D932FEEF1D1E271D00DC215B /* MusicShop.xcdatamodeld in Sources */,
				D932FF7A1D1F368200DC215B /* MenuTabBarViewController.swift in Sources */,
				D932FF7E1D1F36D300DC215B /* FavoritesCollectionViewCell.swift in Sources */,
				D932FF841D1F376500DC215B /* SearchViewController.swift in Sources */,
				D932FF821D1F371B00DC215B /* HistoryTableViewCell.swift in Sources */,
				D932FEE91D1E271D00DC215B /* LoginViewController.swift in Sources */,
				D932FF801D1F36F600DC215B /* HistoryTableViewController.swift in Sources */,
				D932FF891D1F37BD00DC215B /* DownloadViewController.swift in Sources */,
				D932FEE71D1E271D00DC215B /* AppDelegate.swift in Sources */,
				D932FF861D1F377D00DC215B /* MoreOptionsViewController.swift in Sources */,
				D932FF7C1D1F36B600DC215B /* FavoritesCollectionViewController.swift in Sources */,
			);
			runOnlyForDeploymentPostprocessing = 0;
		};
		D932FEF61D1E271D00DC215B /* Sources */ = {
			isa = PBXSourcesBuildPhase;
			buildActionMask = 2147483647;
			files = (
				D932FEFF1D1E271D00DC215B /* MusicShopTests.swift in Sources */,
			);
			runOnlyForDeploymentPostprocessing = 0;
		};
		D932FF011D1E271D00DC215B /* Sources */ = {
			isa = PBXSourcesBuildPhase;
			buildActionMask = 2147483647;
			files = (
				D932FF0A1D1E271D00DC215B /* MusicShopUITests.swift in Sources */,
			);
			runOnlyForDeploymentPostprocessing = 0;
		};
/* End PBXSourcesBuildPhase section */

/* Begin PBXTargetDependency section */
		D932FEFC1D1E271D00DC215B /* PBXTargetDependency */ = {
			isa = PBXTargetDependency;
			target = D932FEE21D1E271D00DC215B /* MusicShop */;
			targetProxy = D932FEFB1D1E271D00DC215B /* PBXContainerItemProxy */;
		};
		D932FF071D1E271D00DC215B /* PBXTargetDependency */ = {
			isa = PBXTargetDependency;
			target = D932FEE21D1E271D00DC215B /* MusicShop */;
			targetProxy = D932FF061D1E271D00DC215B /* PBXContainerItemProxy */;
		};
/* End PBXTargetDependency section */

/* Begin PBXVariantGroup section */
		D932FEEA1D1E271D00DC215B /* Main.storyboard */ = {
			isa = PBXVariantGroup;
			children = (
				D932FEEB1D1E271D00DC215B /* Base */,
			);
			name = Main.storyboard;
			sourceTree = "<group>";
		};
		D932FEF21D1E271D00DC215B /* LaunchScreen.storyboard */ = {
			isa = PBXVariantGroup;
			children = (
				D932FEF31D1E271D00DC215B /* Base */,
			);
			name = LaunchScreen.storyboard;
			sourceTree = "<group>";
		};
/* End PBXVariantGroup section */

/* Begin XCBuildConfiguration section */
		D932FF0C1D1E271D00DC215B /* Debug */ = {
			isa = XCBuildConfiguration;
			buildSettings = {
				ALWAYS_SEARCH_USER_PATHS = NO;
				CLANG_ANALYZER_NONNULL = YES;
				CLANG_CXX_LANGUAGE_STANDARD = "gnu++0x";
				CLANG_CXX_LIBRARY = "libc++";
				CLANG_ENABLE_MODULES = YES;
				CLANG_ENABLE_OBJC_ARC = YES;
				CLANG_WARN_BOOL_CONVERSION = YES;
				CLANG_WARN_CONSTANT_CONVERSION = YES;
				CLANG_WARN_DIRECT_OBJC_ISA_USAGE = YES_ERROR;
				CLANG_WARN_EMPTY_BODY = YES;
				CLANG_WARN_ENUM_CONVERSION = YES;
				CLANG_WARN_INT_CONVERSION = YES;
				CLANG_WARN_OBJC_ROOT_CLASS = YES_ERROR;
				CLANG_WARN_UNREACHABLE_CODE = YES;
				CLANG_WARN__DUPLICATE_METHOD_MATCH = YES;
				"CODE_SIGN_IDENTITY[sdk=iphoneos*]" = "iPhone Developer";
				COPY_PHASE_STRIP = NO;
				DEBUG_INFORMATION_FORMAT = dwarf;
				ENABLE_STRICT_OBJC_MSGSEND = YES;
				ENABLE_TESTABILITY = YES;
				GCC_C_LANGUAGE_STANDARD = gnu99;
				GCC_DYNAMIC_NO_PIC = NO;
				GCC_NO_COMMON_BLOCKS = YES;
				GCC_OPTIMIZATION_LEVEL = 0;
				GCC_PREPROCESSOR_DEFINITIONS = (
					"DEBUG=1",
					"$(inherited)",
				);
				GCC_WARN_64_TO_32_BIT_CONVERSION = YES;
				GCC_WARN_ABOUT_RETURN_TYPE = YES_ERROR;
				GCC_WARN_UNDECLARED_SELECTOR = YES;
				GCC_WARN_UNINITIALIZED_AUTOS = YES_AGGRESSIVE;
				GCC_WARN_UNUSED_FUNCTION = YES;
				GCC_WARN_UNUSED_VARIABLE = YES;
				IPHONEOS_DEPLOYMENT_TARGET = 9.3;
				MTL_ENABLE_DEBUG_INFO = YES;
				ONLY_ACTIVE_ARCH = YES;
				SDKROOT = iphoneos;
				SWIFT_OPTIMIZATION_LEVEL = "-Onone";
			};
			name = Debug;
		};
		D932FF0D1D1E271D00DC215B /* Release */ = {
			isa = XCBuildConfiguration;
			buildSettings = {
				ALWAYS_SEARCH_USER_PATHS = NO;
				CLANG_ANALYZER_NONNULL = YES;
				CLANG_CXX_LANGUAGE_STANDARD = "gnu++0x";
				CLANG_CXX_LIBRARY = "libc++";
				CLANG_ENABLE_MODULES = YES;
				CLANG_ENABLE_OBJC_ARC = YES;
				CLANG_WARN_BOOL_CONVERSION = YES;
				CLANG_WARN_CONSTANT_CONVERSION = YES;
				CLANG_WARN_DIRECT_OBJC_ISA_USAGE = YES_ERROR;
				CLANG_WARN_EMPTY_BODY = YES;
				CLANG_WARN_ENUM_CONVERSION = YES;
				CLANG_WARN_INT_CONVERSION = YES;
				CLANG_WARN_OBJC_ROOT_CLASS = YES_ERROR;
				CLANG_WARN_UNREACHABLE_CODE = YES;
				CLANG_WARN__DUPLICATE_METHOD_MATCH = YES;
				"CODE_SIGN_IDENTITY[sdk=iphoneos*]" = "iPhone Developer";
				COPY_PHASE_STRIP = NO;
				DEBUG_INFORMATION_FORMAT = "dwarf-with-dsym";
				ENABLE_NS_ASSERTIONS = NO;
				ENABLE_STRICT_OBJC_MSGSEND = YES;
				GCC_C_LANGUAGE_STANDARD = gnu99;
				GCC_NO_COMMON_BLOCKS = YES;
				GCC_WARN_64_TO_32_BIT_CONVERSION = YES;
				GCC_WARN_ABOUT_RETURN_TYPE = YES_ERROR;
				GCC_WARN_UNDECLARED_SELECTOR = YES;
				GCC_WARN_UNINITIALIZED_AUTOS = YES_AGGRESSIVE;
				GCC_WARN_UNUSED_FUNCTION = YES;
				GCC_WARN_UNUSED_VARIABLE = YES;
				IPHONEOS_DEPLOYMENT_TARGET = 9.3;
				MTL_ENABLE_DEBUG_INFO = NO;
				SDKROOT = iphoneos;
				VALIDATE_PRODUCT = YES;
			};
			name = Release;
		};
		D932FF0F1D1E271D00DC215B /* Debug */ = {
			isa = XCBuildConfiguration;
			baseConfigurationReference = B3EF206A8222A5B0F21DADE5 /* Pods-MusicShop.debug.xcconfig */;
			buildSettings = {
				ASSETCATALOG_COMPILER_APPICON_NAME = AppIcon;
				DEFINES_MODULE = YES;
				FRAMEWORK_SEARCH_PATHS = (
					"$(inherited)",
					"$(PROJECT_DIR)/Frameworks",
				);
				INFOPLIST_FILE = MusicShop/Info.plist;
				LD_RUNPATH_SEARCH_PATHS = "$(inherited) @executable_path/Frameworks";
				LIBRARY_SEARCH_PATHS = (
					"$(inherited)",
					"$(PROJECT_DIR)/GoogleAnalyticsServicesiOS_3.15",
					"$(PROJECT_DIR)",
				);
				OTHER_LDFLAGS = (
					"-ObjC",
					"$(OTHER_LDFLAGS)",
				);
				PRODUCT_BUNDLE_IDENTIFIER = LayneFaler.MusicShop;
				PRODUCT_NAME = "$(TARGET_NAME)";
				PUBLIC_HEADERS_FOLDER_PATH = "$(CONTENTS_FOLDER_PATH)/MusicShop-Bridging-Header";
				SWIFT_INSTALL_OBJC_HEADER = NO;
				TARGETED_DEVICE_FAMILY = 1;
			};
			name = Debug;
		};
		D932FF101D1E271D00DC215B /* Release */ = {
			isa = XCBuildConfiguration;
			baseConfigurationReference = 1B55DF86EF1B9E60AD1A0A8C /* Pods-MusicShop.release.xcconfig */;
			buildSettings = {
				ASSETCATALOG_COMPILER_APPICON_NAME = AppIcon;
				DEFINES_MODULE = YES;
				FRAMEWORK_SEARCH_PATHS = (
					"$(inherited)",
					"$(PROJECT_DIR)/Frameworks",
				);
				INFOPLIST_FILE = MusicShop/Info.plist;
				LD_RUNPATH_SEARCH_PATHS = "$(inherited) @executable_path/Frameworks";
				LIBRARY_SEARCH_PATHS = (
					"$(inherited)",
					"$(PROJECT_DIR)/GoogleAnalyticsServicesiOS_3.15",
					"$(PROJECT_DIR)",
				);
				OTHER_LDFLAGS = (
					"-ObjC",
					"$(OTHER_LDFLAGS)",
				);
				PRODUCT_BUNDLE_IDENTIFIER = LayneFaler.MusicShop;
				PRODUCT_NAME = "$(TARGET_NAME)";
				PUBLIC_HEADERS_FOLDER_PATH = "$(CONTENTS_FOLDER_PATH)/MusicShop-Bridging-Header";
				SWIFT_INSTALL_OBJC_HEADER = NO;
				TARGETED_DEVICE_FAMILY = 1;
			};
			name = Release;
		};
		D932FF121D1E271D00DC215B /* Debug */ = {
			isa = XCBuildConfiguration;
			baseConfigurationReference = F42D52B8DF0D473183E23DCB /* Pods-MusicShopTests.debug.xcconfig */;
			buildSettings = {
				BUNDLE_LOADER = "$(TEST_HOST)";
				INFOPLIST_FILE = MusicShopTests/Info.plist;
				LD_RUNPATH_SEARCH_PATHS = "$(inherited) @executable_path/Frameworks @loader_path/Frameworks";
				PRODUCT_BUNDLE_IDENTIFIER = LayneFaler.MusicShopTests;
				PRODUCT_NAME = "$(TARGET_NAME)";
				TEST_HOST = "$(BUILT_PRODUCTS_DIR)/MusicShop.app/MusicShop";
			};
			name = Debug;
		};
		D932FF131D1E271D00DC215B /* Release */ = {
			isa = XCBuildConfiguration;
			baseConfigurationReference = 6A9CCCDC681E5E35AB22E87B /* Pods-MusicShopTests.release.xcconfig */;
			buildSettings = {
				BUNDLE_LOADER = "$(TEST_HOST)";
				INFOPLIST_FILE = MusicShopTests/Info.plist;
				LD_RUNPATH_SEARCH_PATHS = "$(inherited) @executable_path/Frameworks @loader_path/Frameworks";
				PRODUCT_BUNDLE_IDENTIFIER = LayneFaler.MusicShopTests;
				PRODUCT_NAME = "$(TARGET_NAME)";
				TEST_HOST = "$(BUILT_PRODUCTS_DIR)/MusicShop.app/MusicShop";
			};
			name = Release;
		};
		D932FF151D1E271D00DC215B /* Debug */ = {
			isa = XCBuildConfiguration;
			baseConfigurationReference = 439623969DA8D9C9CA6E62AF /* Pods-MusicShopUITests.debug.xcconfig */;
			buildSettings = {
				INFOPLIST_FILE = MusicShopUITests/Info.plist;
				LD_RUNPATH_SEARCH_PATHS = "$(inherited) @executable_path/Frameworks @loader_path/Frameworks";
				PRODUCT_BUNDLE_IDENTIFIER = LayneFaler.MusicShopUITests;
				PRODUCT_NAME = "$(TARGET_NAME)";
				TEST_TARGET_NAME = MusicShop;
			};
			name = Debug;
		};
		D932FF161D1E271D00DC215B /* Release */ = {
			isa = XCBuildConfiguration;
			baseConfigurationReference = DA125023F7AD107C6E1567AE /* Pods-MusicShopUITests.release.xcconfig */;
			buildSettings = {
				INFOPLIST_FILE = MusicShopUITests/Info.plist;
				LD_RUNPATH_SEARCH_PATHS = "$(inherited) @executable_path/Frameworks @loader_path/Frameworks";
				PRODUCT_BUNDLE_IDENTIFIER = LayneFaler.MusicShopUITests;
				PRODUCT_NAME = "$(TARGET_NAME)";
				TEST_TARGET_NAME = MusicShop;
			};
			name = Release;
		};
/* End XCBuildConfiguration section */

/* Begin XCConfigurationList section */
		D932FEDE1D1E271D00DC215B /* Build configuration list for PBXProject "MusicShop" */ = {
			isa = XCConfigurationList;
			buildConfigurations = (
				D932FF0C1D1E271D00DC215B /* Debug */,
				D932FF0D1D1E271D00DC215B /* Release */,
			);
			defaultConfigurationIsVisible = 0;
			defaultConfigurationName = Release;
		};
		D932FF0E1D1E271D00DC215B /* Build configuration list for PBXNativeTarget "MusicShop" */ = {
			isa = XCConfigurationList;
			buildConfigurations = (
				D932FF0F1D1E271D00DC215B /* Debug */,
				D932FF101D1E271D00DC215B /* Release */,
			);
			defaultConfigurationIsVisible = 0;
			defaultConfigurationName = Release;
		};
		D932FF111D1E271D00DC215B /* Build configuration list for PBXNativeTarget "MusicShopTests" */ = {
			isa = XCConfigurationList;
			buildConfigurations = (
				D932FF121D1E271D00DC215B /* Debug */,
				D932FF131D1E271D00DC215B /* Release */,
			);
			defaultConfigurationIsVisible = 0;
			defaultConfigurationName = Release;
		};
		D932FF141D1E271D00DC215B /* Build configuration list for PBXNativeTarget "MusicShopUITests" */ = {
			isa = XCConfigurationList;
			buildConfigurations = (
				D932FF151D1E271D00DC215B /* Debug */,
				D932FF161D1E271D00DC215B /* Release */,
			);
			defaultConfigurationIsVisible = 0;
			defaultConfigurationName = Release;
		};
/* End XCConfigurationList section */

/* Begin XCVersionGroup section */
		D932FEED1D1E271D00DC215B /* MusicShop.xcdatamodeld */ = {
			isa = XCVersionGroup;
			children = (
				D932FEEE1D1E271D00DC215B /* MusicShop.xcdatamodel */,
			);
			currentVersion = D932FEEE1D1E271D00DC215B /* MusicShop.xcdatamodel */;
			path = MusicShop.xcdatamodeld;
			sourceTree = "<group>";
			versionGroupType = wrapper.xcdatamodel;
		};
/* End XCVersionGroup section */
	};
	rootObject = D932FEDB1D1E271D00DC215B /* Project object */;
}
